<?xml version="1.0" encoding="utf-8"?>
<Project ToolsVersion="4.0" xmlns="http://schemas.microsoft.com/developer/msbuild/2003">
  <ItemGroup>
    <Filter Include="Source Files">
      <UniqueIdentifier>{4FC737F1-C7A5-4376-A066-2A32D752A2FF}</UniqueIdentifier>
      <Extensions>cpp;c;cc;cxx;c++;cppm;ixx;def;odl;idl;hpj;bat;asm;asmx</Extensions>
    </Filter>
    <Filter Include="Header Files">
      <UniqueIdentifier>{93995380-89BD-4b04-88EB-625FBE52EBFB}</UniqueIdentifier>
      <Extensions>h;hh;hpp;hxx;h++;hm;inl;inc;ipp;xsd</Extensions>
    </Filter>
    <Filter Include="Resource Files">
      <UniqueIdentifier>{67DA6AB6-F800-4c08-8B7A-83BB121AAD01}</UniqueIdentifier>
      <Extensions>rc;ico;cur;bmp;dlg;rc2;rct;bin;rgs;gif;jpg;jpeg;jpe;resx;tiff;tif;png;wav;mfcribbon-ms</Extensions>
    </Filter>
    <Filter Include="Header Files\alglib">
      <UniqueIdentifier>{ef40543b-84d9-4e2a-bcad-36a2c6eddaaf}</UniqueIdentifier>
    </Filter>
    <Filter Include="Source Files\alglib">
      <UniqueIdentifier>{b7657bd8-50d1-4f07-be62-253e21ad0891}</UniqueIdentifier>
    </Filter>
  </ItemGroup>
  <ItemGroup>
    <ClCompile Include="OptimizationPackage.cpp">
      <Filter>Source Files</Filter>
    </ClCompile>
    <ClCompile Include="..\src\alglib\alglibinternal.cpp">
      <Filter>Source Files\alglib</Filter>
    </ClCompile>
    <ClCompile Include="..\src\alglib\alglibmisc.cpp">
      <Filter>Source Files\alglib</Filter>
    </ClCompile>
    <ClCompile Include="..\src\alglib\ap.cpp">
      <Filter>Source Files\alglib</Filter>
    </ClCompile>
    <ClCompile Include="..\src\alglib\linalg.cpp">
      <Filter>Source Files\alglib</Filter>
    </ClCompile>
    <ClCompile Include="..\src\alglib\optimization.cpp">
      <Filter>Source Files\alglib</Filter>
    </ClCompile>
    <ClCompile Include="..\src\alglib\solvers.cpp">
      <Filter>Source Files\alglib</Filter>
    </ClCompile>
  </ItemGroup>
  <ItemGroup>
    <ClInclude Include="..\src\alglib\stdafx.h">
      <Filter>Header Files\alglib</Filter>
    </ClInclude>
    <ClInclude Include="..\src\alglib\alglibinternal.h">
      <Filter>Header Files\alglib</Filter>
    </ClInclude>
    <ClInclude Include="..\src\alglib\alglibmisc.h">
      <Filter>Header Files\alglib</Filter>
    </ClInclude>
    <ClInclude Include="..\src\alglib\ap.h">
      <Filter>Header Files\alglib</Filter>
    </ClInclude>
    <ClInclude Include="..\src\alglib\linalg.h">
      <Filter>Header Files\alglib</Filter>
    </ClInclude>
    <ClInclude Include="..\src\alglib\optimization.h">
      <Filter>Header Files\alglib</Filter>
    </ClInclude>
    <ClInclude Include="..\src\alglib\solvers.h">
      <Filter>Header Files\alglib</Filter>
    </ClInclude>
  </ItemGroup>
</Project>